
Microsoft Visual Studio Solution File, Format Version 12.00
# Visual Studio Version 17
VisualStudioVersion = 17.8.34322.80
MinimumVisualStudioVersion = 10.0.40219.1
Project("{9A19103F-16F7-4668-BE54-9A1E7A4F7556}") = "SalutemCRM", "SalutemCRM\SalutemCRM.csproj", "{6940401E-8831-41FB-9859-C2E6D3F4D3CE}"
EndProject
Project("{9A19103F-16F7-4668-BE54-9A1E7A4F7556}") = "SalutemCRM.Desktop", "SalutemCRM.Desktop\SalutemCRM.Desktop.csproj", "{9E2B463B-5F5D-44A3-B1EC-9D8E07CF3F47}"
EndProject
Project("{2150E333-8FDC-42A3-9474-1A3956D46DE8}") = "Элементы решения", "Элементы решения", "{23FDD13D-B5B0-42EA-B8E3-AAD073A0EE81}"
	ProjectSection(SolutionItems) = preProject
		Directory.Build.props = Directory.Build.props
	EndProjectSection
EndProject
Project("{9A19103F-16F7-4668-BE54-9A1E7A4F7556}") = "SalutemCRM.Domain", "SalutemCRM.Domain\SalutemCRM.Domain.csproj", "{FE1A45D7-5D8B-4112-A636-A83A2039B785}"
EndProject
Project("{9A19103F-16F7-4668-BE54-9A1E7A4F7556}") = "SalutemCRM.Database", "SalutemCRM.Database\SalutemCRM.Database.csproj", "{6BB78DE5-0289-4D34-94A7-A9E3E46801F0}"
EndProject
Project("{9A19103F-16F7-4668-BE54-9A1E7A4F7556}") = "SalutemCRM.Server", "SalutemCRM.Server\SalutemCRM.Server.csproj", "{E19A3C48-9C01-41B4-8083-093F827CD5B9}"
EndProject
Project("{9A19103F-16F7-4668-BE54-9A1E7A4F7556}") = "SalutemCRM.Server.Desktop", "SalutemCRM.Server.Desktop\SalutemCRM.Server.Desktop.csproj", "{2A2EB697-94F1-4B31-BBD0-049F789CA96B}"
EndProject
Project("{FAE04EC0-301F-11D3-BF4B-00C04F79EFBC}") = "SalutemCRM.TCP", "SalutemCRM.TCP\SalutemCRM.TCP.csproj", "{B20BC07B-CCFA-48EB-B491-1A68505F7395}"
EndProject
Global
	GlobalSection(SolutionConfigurationPlatforms) = preSolution
		Debug|Any CPU = Debug|Any CPU
		Release|Any CPU = Release|Any CPU
	EndGlobalSection
	GlobalSection(ProjectConfigurationPlatforms) = postSolution
		{6940401E-8831-41FB-9859-C2E6D3F4D3CE}.Debug|Any CPU.ActiveCfg = Debug|Any CPU
		{6940401E-8831-41FB-9859-C2E6D3F4D3CE}.Debug|Any CPU.Build.0 = Debug|Any CPU
		{6940401E-8831-41FB-9859-C2E6D3F4D3CE}.Release|Any CPU.ActiveCfg = Release|Any CPU
		{6940401E-8831-41FB-9859-C2E6D3F4D3CE}.Release|Any CPU.Build.0 = Release|Any CPU
		{9E2B463B-5F5D-44A3-B1EC-9D8E07CF3F47}.Debug|Any CPU.ActiveCfg = Debug|Any CPU
		{9E2B463B-5F5D-44A3-B1EC-9D8E07CF3F47}.Debug|Any CPU.Build.0 = Debug|Any CPU
		{9E2B463B-5F5D-44A3-B1EC-9D8E07CF3F47}.Release|Any CPU.ActiveCfg = Release|Any CPU
		{9E2B463B-5F5D-44A3-B1EC-9D8E07CF3F47}.Release|Any CPU.Build.0 = Release|Any CPU
		{FE1A45D7-5D8B-4112-A636-A83A2039B785}.Debug|Any CPU.ActiveCfg = Debug|Any CPU
		{FE1A45D7-5D8B-4112-A636-A83A2039B785}.Debug|Any CPU.Build.0 = Debug|Any CPU
		{FE1A45D7-5D8B-4112-A636-A83A2039B785}.Release|Any CPU.ActiveCfg = Release|Any CPU
		{FE1A45D7-5D8B-4112-A636-A83A2039B785}.Release|Any CPU.Build.0 = Release|Any CPU
		{6BB78DE5-0289-4D34-94A7-A9E3E46801F0}.Debug|Any CPU.ActiveCfg = Debug|Any CPU
		{6BB78DE5-0289-4D34-94A7-A9E3E46801F0}.Debug|Any CPU.Build.0 = Debug|Any CPU
		{6BB78DE5-0289-4D34-94A7-A9E3E46801F0}.Release|Any CPU.ActiveCfg = Release|Any CPU
		{6BB78DE5-0289-4D34-94A7-A9E3E46801F0}.Release|Any CPU.Build.0 = Release|Any CPU
		{E19A3C48-9C01-41B4-8083-093F827CD5B9}.Debug|Any CPU.ActiveCfg = Debug|Any CPU
		{E19A3C48-9C01-41B4-8083-093F827CD5B9}.Debug|Any CPU.Build.0 = Debug|Any CPU
		{E19A3C48-9C01-41B4-8083-093F827CD5B9}.Release|Any CPU.ActiveCfg = Release|Any CPU
		{E19A3C48-9C01-41B4-8083-093F827CD5B9}.Release|Any CPU.Build.0 = Release|Any CPU
		{2A2EB697-94F1-4B31-BBD0-049F789CA96B}.Debug|Any CPU.ActiveCfg = Debug|Any CPU
		{2A2EB697-94F1-4B31-BBD0-049F789CA96B}.Debug|Any CPU.Build.0 = Debug|Any CPU
		{2A2EB697-94F1-4B31-BBD0-049F789CA96B}.Release|Any CPU.ActiveCfg = Release|Any CPU
		{2A2EB697-94F1-4B31-BBD0-049F789CA96B}.Release|Any CPU.Build.0 = Release|Any CPU
		{B20BC07B-CCFA-48EB-B491-1A68505F7395}.Debug|Any CPU.ActiveCfg = Debug|Any CPU
		{B20BC07B-CCFA-48EB-B491-1A68505F7395}.Debug|Any CPU.Build.0 = Debug|Any CPU
		{B20BC07B-CCFA-48EB-B491-1A68505F7395}.Release|Any CPU.ActiveCfg = Release|Any CPU
		{B20BC07B-CCFA-48EB-B491-1A68505F7395}.Release|Any CPU.Build.0 = Release|Any CPU
	EndGlobalSection
	GlobalSection(SolutionProperties) = preSolution
		HideSolutionNode = FALSE
	EndGlobalSection
	GlobalSection(ExtensibilityGlobals) = postSolution
		SolutionGuid = {2B5B3D56-CF2A-4713-A3B0-690D1704FEDC}
	EndGlobalSection
EndGlobal
